// !$*UTF8*$!
{
	archiveVersion = 1;
	classes = {
	};
	objectVersion = 77;
	objects = {

/* Begin PBXContainerItemProxy section */
		0959EBB92CF9E53600950BFF /* PBXContainerItemProxy */ = {
			isa = PBXContainerItemProxy;
			containerPortal = 0959EB972CF9E53500950BFF /* Project object */;
			proxyType = 1;
			remoteGlobalIDString = 0959EB9E2CF9E53500950BFF;
			remoteInfo = "Satender Task";
		};
		0959EBC32CF9E53600950BFF /* PBXContainerItemProxy */ = {
			isa = PBXContainerItemProxy;
			containerPortal = 0959EB972CF9E53500950BFF /* Project object */;
			proxyType = 1;
			remoteGlobalIDString = 0959EB9E2CF9E53500950BFF;
			remoteInfo = "Satender Task";
		};
/* End PBXContainerItemProxy section */

/* Begin PBXFileReference section */
		0959EB9F2CF9E53500950BFF /* Satender Task.app */ = {isa = PBXFileReference; explicitFileType = wrapper.application; includeInIndex = 0; path = "Satender Task.app"; sourceTree = BUILT_PRODUCTS_DIR; };
		0959EBB82CF9E53600950BFF /* Satender TaskTests.xctest */ = {isa = PBXFileReference; explicitFileType = wrapper.cfbundle; includeInIndex = 0; path = "Satender TaskTests.xctest"; sourceTree = BUILT_PRODUCTS_DIR; };
		0959EBC22CF9E53600950BFF /* Satender TaskUITests.xctest */ = {isa = PBXFileReference; explicitFileType = wrapper.cfbundle; includeInIndex = 0; path = "Satender TaskUITests.xctest"; sourceTree = BUILT_PRODUCTS_DIR; };
/* End PBXFileReference section */

/* Begin PBXFileSystemSynchronizedBuildFileExceptionSet section */
		0959EBCA2CF9E53600950BFF /* Exceptions for "Satender Task" folder in "Satender Task" target */ = {
			isa = PBXFileSystemSynchronizedBuildFileExceptionSet;
			membershipExceptions = (
				Info.plist,
			);
			target = 0959EB9E2CF9E53500950BFF /* Satender Task */;
		};
/* End PBXFileSystemSynchronizedBuildFileExceptionSet section */

/* Begin PBXFileSystemSynchronizedRootGroup section */
		0959EBA12CF9E53500950BFF /* Satender Task */ = {
			isa = PBXFileSystemSynchronizedRootGroup;
			exceptions = (
				0959EBCA2CF9E53600950BFF /* Exceptions for "Satender Task" folder in "Satender Task" target */,
			);
			path = "Satender Task";
			sourceTree = "<group>";
		};
		0959EBBB2CF9E53600950BFF /* Satender TaskTests */ = {
			isa = PBXFileSystemSynchronizedRootGroup;
			path = "Satender TaskTests";
			sourceTree = "<group>";
		};
		0959EBC52CF9E53600950BFF /* Satender TaskUITests */ = {
			isa = PBXFileSystemSynchronizedRootGroup;
			path = "Satender TaskUITests";
			sourceTree = "<group>";
		};
/* End PBXFileSystemSynchronizedRootGroup section */

/* Begin PBXFrameworksBuildPhase section */
		0959EB9C2CF9E53500950BFF /* Frameworks */ = {
			isa = PBXFrameworksBuildPhase;
			buildActionMask = 2147483647;
			files = (
			);
			runOnlyForDeploymentPostprocessing = 0;
		};
		0959EBB52CF9E53600950BFF /* Frameworks */ = {
			isa = PBXFrameworksBuildPhase;
			buildActionMask = 2147483647;
			files = (
			);
			runOnlyForDeploymentPostprocessing = 0;
		};
		0959EBBF2CF9E53600950BFF /* Frameworks */ = {
			isa = PBXFrameworksBuildPhase;
			buildActionMask = 2147483647;
			files = (
			);
			runOnlyForDeploymentPostprocessing = 0;
		};
/* End PBXFrameworksBuildPhase section */

/* Begin PBXGroup section */
		0959EB962CF9E53500950BFF = {
			isa = PBXGroup;
			children = (
				0959EBA12CF9E53500950BFF /* Satender Task */,
				0959EBBB2CF9E53600950BFF /* Satender TaskTests */,
				0959EBC52CF9E53600950BFF /* Satender TaskUITests */,
				0959EBA02CF9E53500950BFF /* Products */,
			);
			sourceTree = "<group>";
		};
		0959EBA02CF9E53500950BFF /* Products */ = {
			isa = PBXGroup;
			children = (
				0959EB9F2CF9E53500950BFF /* Satender Task.app */,
				0959EBB82CF9E53600950BFF /* Satender TaskTests.xctest */,
				0959EBC22CF9E53600950BFF /* Satender TaskUITests.xctest */,
			);
			name = Products;
			sourceTree = "<group>";
		};
/* End PBXGroup section */

/* Begin PBXNativeTarget section */
		0959EB9E2CF9E53500950BFF /* Satender Task */ = {
			isa = PBXNativeTarget;
			buildConfigurationList = 0959EBCB2CF9E53600950BFF /* Build configuration list for PBXNativeTarget "Satender Task" */;
			buildPhases = (
				0959EB9B2CF9E53500950BFF /* Sources */,
				0959EB9C2CF9E53500950BFF /* Frameworks */,
				0959EB9D2CF9E53500950BFF /* Resources */,
			);
			buildRules = (
			);
			dependencies = (
			);
			fileSystemSynchronizedGroups = (
				0959EBA12CF9E53500950BFF /* Satender Task */,
			);
			name = "Satender Task";
			packageProductDependencies = (
			);
			productName = "Satender Task";
			productReference = 0959EB9F2CF9E53500950BFF /* Satender Task.app */;
			productType = "com.apple.product-type.application";
		};
		0959EBB72CF9E53600950BFF /* Satender TaskTests */ = {
			isa = PBXNativeTarget;
			buildConfigurationList = 0959EBD02CF9E53600950BFF /* Build configuration list for PBXNativeTarget "Satender TaskTests" */;
			buildPhases = (
				0959EBB42CF9E53600950BFF /* Sources */,
				0959EBB52CF9E53600950BFF /* Frameworks */,
				0959EBB62CF9E53600950BFF /* Resources */,
			);
			buildRules = (
			);
			dependencies = (
				0959EBBA2CF9E53600950BFF /* PBXTargetDependency */,
			);
			fileSystemSynchronizedGroups = (
				0959EBBB2CF9E53600950BFF /* Satender TaskTests */,
			);
			name = "Satender TaskTests";
			packageProductDependencies = (
			);
			productName = "Satender TaskTests";
			productReference = 0959EBB82CF9E53600950BFF /* Satender TaskTests.xctest */;
			productType = "com.apple.product-type.bundle.unit-test";
		};
		0959EBC12CF9E53600950BFF /* Satender TaskUITests */ = {
			isa = PBXNativeTarget;
			buildConfigurationList = 0959EBD32CF9E53600950BFF /* Build configuration list for PBXNativeTarget "Satender TaskUITests" */;
			buildPhases = (
				0959EBBE2CF9E53600950BFF /* Sources */,
				0959EBBF2CF9E53600950BFF /* Frameworks */,
				0959EBC02CF9E53600950BFF /* Resources */,
			);
			buildRules = (
			);
			dependencies = (
				0959EBC42CF9E53600950BFF /* PBXTargetDependency */,
			);
			fileSystemSynchronizedGroups = (
				0959EBC52CF9E53600950BFF /* Satender TaskUITests */,
			);
			name = "Satender TaskUITests";
			packageProductDependencies = (
			);
			productName = "Satender TaskUITests";
			productReference = 0959EBC22CF9E53600950BFF /* Satender TaskUITests.xctest */;
			productType = "com.apple.product-type.bundle.ui-testing";
		};
/* End PBXNativeTarget section */

/* Begin PBXProject section */
		0959EB972CF9E53500950BFF /* Project object */ = {
			isa = PBXProject;
			attributes = {
				BuildIndependentTargetsInParallel = 1;
				LastSwiftUpdateCheck = 1600;
				LastUpgradeCheck = 1600;
				TargetAttributes = {
					0959EB9E2CF9E53500950BFF = {
						CreatedOnToolsVersion = 16.0;
					};
					0959EBB72CF9E53600950BFF = {
						CreatedOnToolsVersion = 16.0;
						TestTargetID = 0959EB9E2CF9E53500950BFF;
					};
					0959EBC12CF9E53600950BFF = {
						CreatedOnToolsVersion = 16.0;
						TestTargetID = 0959EB9E2CF9E53500950BFF;
					};
				};
			};
			buildConfigurationList = 0959EB9A2CF9E53500950BFF /* Build configuration list for PBXProject "Satender Task" */;
			developmentRegion = en;
			hasScannedForEncodings = 0;
			knownRegions = (
				en,
				Base,
			);
			mainGroup = 0959EB962CF9E53500950BFF;
			minimizedProjectReferenceProxies = 1;
			preferredProjectObjectVersion = 77;
			productRefGroup = 0959EBA02CF9E53500950BFF /* Products */;
			projectDirPath = "";
			projectRoot = "";
			targets = (
				0959EB9E2CF9E53500950BFF /* Satender Task */,
				0959EBB72CF9E53600950BFF /* Satender TaskTests */,
				0959EBC12CF9E53600950BFF /* Satender TaskUITests */,
			);
		};
/* End PBXProject section */

/* Begin PBXResourcesBuildPhase section */
		0959EB9D2CF9E53500950BFF /* Resources */ = {
			isa = PBXResourcesBuildPhase;
			buildActionMask = 2147483647;
			files = (
			);
			runOnlyForDeploymentPostprocessing = 0;
		};
		0959EBB62CF9E53600950BFF /* Resources */ = {
			isa = PBXResourcesBuildPhase;
			buildActionMask = 2147483647;
			files = (
			);
			runOnlyForDeploymentPostprocessing = 0;
		};
		0959EBC02CF9E53600950BFF /* Resources */ = {
			isa = PBXResourcesBuildPhase;
			buildActionMask = 2147483647;
			files = (
			);
			runOnlyForDeploymentPostprocessing = 0;
		};
/* End PBXResourcesBuildPhase section */

/* Begin PBXSourcesBuildPhase section */
		0959EB9B2CF9E53500950BFF /* Sources */ = {
			isa = PBXSourcesBuildPhase;
			buildActionMask = 2147483647;
			files = (
			);
			runOnlyForDeploymentPostprocessing = 0;
		};
		0959EBB42CF9E53600950BFF /* Sources */ = {
			isa = PBXSourcesBuildPhase;
			buildActionMask = 2147483647;
			files = (
			);
			runOnlyForDeploymentPostprocessing = 0;
		};
		0959EBBE2CF9E53600950BFF /* Sources */ = {
			isa = PBXSourcesBuildPhase;
			buildActionMask = 2147483647;
			files = (
			);
			runOnlyForDeploymentPostprocessing = 0;
		};
/* End PBXSourcesBuildPhase section */

/* Begin PBXTargetDependency section */
		0959EBBA2CF9E53600950BFF /* PBXTargetDependency */ = {
			isa = PBXTargetDependency;
			target = 0959EB9E2CF9E53500950BFF /* Satender Task */;
			targetProxy = 0959EBB92CF9E53600950BFF /* PBXContainerItemProxy */;
		};
		0959EBC42CF9E53600950BFF /* PBXTargetDependency */ = {
			isa = PBXTargetDependency;
			target = 0959EB9E2CF9E53500950BFF /* Satender Task */;
			targetProxy = 0959EBC32CF9E53600950BFF /* PBXContainerItemProxy */;
		};
/* End PBXTargetDependency section */

/* Begin XCBuildConfiguration section */
		0959EBCC2CF9E53600950BFF /* Debug */ = {
			isa = XCBuildConfiguration;
			buildSettings = {
				API_BASE_URL = "https://37656be98b8f42ae8348e4da3ee3193f.api.mockbin.io/";
				ASSETCATALOG_COMPILER_APPICON_NAME = AppIcon;
				ASSETCATALOG_COMPILER_GLOBAL_ACCENT_COLOR_NAME = AccentColor;
				CODE_SIGN_STYLE = Automatic;
				CURRENT_PROJECT_VERSION = 1;
				DEVELOPMENT_TEAM = EADR8N3RLS;
				GENERATE_INFOPLIST_FILE = YES;
				INFOPLIST_FILE = "Satender Task/Info.plist";
				INFOPLIST_KEY_UIApplicationSupportsIndirectInputEvents = YES;
				INFOPLIST_KEY_UILaunchStoryboardName = LaunchScreen;
				INFOPLIST_KEY_UIMainStoryboardFile = Main;
				INFOPLIST_KEY_UISupportedInterfaceOrientations_iPad = "UIInterfaceOrientationPortrait UIInterfaceOrientationPortraitUpsideDown UIInterfaceOrientationLandscapeLeft UIInterfaceOrientationLandscapeRight";
				INFOPLIST_KEY_UISupportedInterfaceOrientations_iPhone = "UIInterfaceOrientationPortrait UIInterfaceOrientationLandscapeLeft UIInterfaceOrientationLandscapeRight";
				INFOPLIST_KEY_UIUserInterfaceStyle = Light;
				IPHONEOS_DEPLOYMENT_TARGET = 17.0;
				LD_RUNPATH_SEARCH_PATHS = (
					"$(inherited)",
					"@executable_path/Frameworks",
				);
				MARKETING_VERSION = 1.0;
				PRODUCT_BUNDLE_IDENTIFIER = "com.Satender.Satender-Task";
				PRODUCT_NAME = "$(TARGET_NAME)";
				SWIFT_EMIT_LOC_STRINGS = YES;
				SWIFT_VERSION = 5.0;
				TARGETED_DEVICE_FAMILY = "1,2";
			};
			name = Debug;
		};
		0959EBCD2CF9E53600950BFF /* Release */ = {
			isa = XCBuildConfiguration;
			buildSettings = {
				API_BASE_URL = "https://37656be98b8f42ae8348e4da3ee3193f.api.mockbin.io/";
				ASSETCATALOG_COMPILER_APPICON_NAME = AppIcon;
				ASSETCATALOG_COMPILER_GLOBAL_ACCENT_COLOR_NAME = AccentColor;
				CODE_SIGN_STYLE = Automatic;
				CURRENT_PROJECT_VERSION = 1;
				DEVELOPMENT_TEAM = EADR8N3RLS;
				GENERATE_INFOPLIST_FILE = YES;
				INFOPLIST_FILE = "Satender Task/Info.plist";
				INFOPLIST_KEY_UIApplicationSupportsIndirectInputEvents = YES;
				INFOPLIST_KEY_UILaunchStoryboardName = LaunchScreen;
				INFOPLIST_KEY_UIMainStoryboardFile = Main;
				INFOPLIST_KEY_UISupportedInterfaceOrientations_iPad = "UIInterfaceOrientationPortrait UIInterfaceOrientationPortraitUpsideDown UIInterfaceOrientationLandscapeLeft UIInterfaceOrientationLandscapeRight";
				INFOPLIST_KEY_UISupportedInterfaceOrientations_iPhone = "UIInterfaceOrientationPortrait UIInterfaceOrientationLandscapeLeft UIInterfaceOrientationLandscapeRight";
				INFOPLIST_KEY_UIUserInterfaceStyle = Light;
				IPHONEOS_DEPLOYMENT_TARGET = 17.0;
				LD_RUNPATH_SEARCH_PATHS = (
					"$(inherited)",
					"@executable_path/Frameworks",
				);
				MARKETING_VERSION = 1.0;
				PRODUCT_BUNDLE_IDENTIFIER = "com.Satender.Satender-Task";
				PRODUCT_NAME = "$(TARGET_NAME)";
				SWIFT_EMIT_LOC_STRINGS = YES;
				SWIFT_VERSION = 5.0;
				TARGETED_DEVICE_FAMILY = "1,2";
			};
			name = Release;
		};
		0959EBCE2CF9E53600950BFF /* Debug */ = {
			isa = XCBuildConfiguration;
			buildSettings = {
				ALWAYS_SEARCH_USER_PATHS = NO;
				ASSETCATALOG_COMPILER_GENERATE_SWIFT_ASSET_SYMBOL_EXTENSIONS = YES;
				CLANG_ANALYZER_NONNULL = YES;
				CLANG_ANALYZER_NUMBER_OBJECT_CONVERSION = YES_AGGRESSIVE;
				CLANG_CXX_LANGUAGE_STANDARD = "gnu++20";
				CLANG_ENABLE_MODULES = YES;
				CLANG_ENABLE_OBJC_ARC = YES;
				CLANG_ENABLE_OBJC_WEAK = YES;
				CLANG_WARN_BLOCK_CAPTURE_AUTORELEASING = YES;
				CLANG_WARN_BOOL_CONVERSION = YES;
				CLANG_WARN_COMMA = YES;
				CLANG_WARN_CONSTANT_CONVERSION = YES;
				CLANG_WARN_DEPRECATED_OBJC_IMPLEMENTATIONS = YES;
				CLANG_WARN_DIRECT_OBJC_ISA_USAGE = YES_ERROR;
				CLANG_WARN_DOCUMENTATION_COMMENTS = YES;
				CLANG_WARN_EMPTY_BODY = YES;
				CLANG_WARN_ENUM_CONVERSION = YES;
				CLANG_WARN_INFINITE_RECURSION = YES;
				CLANG_WARN_INT_CONVERSION = YES;
				CLANG_WARN_NON_LITERAL_NULL_CONVERSION = YES;
				CLANG_WARN_OBJC_IMPLICIT_RETAIN_SELF = YES;
				CLANG_WARN_OBJC_LITERAL_CONVERSION = YES;
				CLANG_WARN_OBJC_ROOT_CLASS = YES_ERROR;
				CLANG_WARN_QUOTED_INCLUDE_IN_FRAMEWORK_HEADER = YES;
				CLANG_WARN_RANGE_LOOP_ANALYSIS = YES;
				CLANG_WARN_STRICT_PROTOTYPES = YES;
				CLANG_WARN_SUSPICIOUS_MOVE = YES;
				CLANG_WARN_UNGUARDED_AVAILABILITY = YES_AGGRESSIVE;
				CLANG_WARN_UNREACHABLE_CODE = YES;
				CLANG_WARN__DUPLICATE_METHOD_MATCH = YES;
				COPY_PHASE_STRIP = NO;
				DEBUG_INFORMATION_FORMAT = dwarf;
				ENABLE_STRICT_OBJC_MSGSEND = YES;
				ENABLE_TESTABILITY = YES;
				ENABLE_USER_SCRIPT_SANDBOXING = YES;
				GCC_C_LANGUAGE_STANDARD = gnu17;
				GCC_DYNAMIC_NO_PIC = NO;
				GCC_NO_COMMON_BLOCKS = YES;
				GCC_OPTIMIZATION_LEVEL = 0;
				GCC_PREPROCESSOR_DEFINITIONS = (
					"DEBUG=1",
					"$(inherited)",
				);
				GCC_WARN_64_TO_32_BIT_CONVERSION = YES;
				GCC_WARN_ABOUT_RETURN_TYPE = YES_ERROR;
				GCC_WARN_UNDECLARED_SELECTOR = YES;
				GCC_WARN_UNINITIALIZED_AUTOS = YES_AGGRESSIVE;
				GCC_WARN_UNUSED_FUNCTION = YES;
				GCC_WARN_UNUSED_VARIABLE = YES;
				IPHONEOS_DEPLOYMENT_TARGET = 18.0;
				LOCALIZATION_PREFERS_STRING_CATALOGS = YES;
				MTL_ENABLE_DEBUG_INFO = INCLUDE_SOURCE;
				MTL_FAST_MATH = YES;
				ONLY_ACTIVE_ARCH = YES;
				SDKROOT = iphoneos;
				SWIFT_ACTIVE_COMPILATION_CONDITIONS = "DEBUG $(inherited)";
				SWIFT_OPTIMIZATION_LEVEL = "-Onone";
			};
			name = Debug;
		};
		0959EBCF2CF9E53600950BFF /* Release */ = {
			isa = XCBuildConfiguration;
			buildSettings = {
				ALWAYS_SEARCH_USER_PATHS = NO;
				ASSETCATALOG_COMPILER_GENERATE_SWIFT_ASSET_SYMBOL_EXTENSIONS = YES;
				CLANG_ANALYZER_NONNULL = YES;
				CLANG_ANALYZER_NUMBER_OBJECT_CONVERSION = YES_AGGRESSIVE;
				CLANG_CXX_LANGUAGE_STANDARD = "gnu++20";
				CLANG_ENABLE_MODULES = YES;
				CLANG_ENABLE_OBJC_ARC = YES;
				CLANG_ENABLE_OBJC_WEAK = YES;
				CLANG_WARN_BLOCK_CAPTURE_AUTORELEASING = YES;
				CLANG_WARN_BOOL_CONVERSION = YES;
				CLANG_WARN_COMMA = YES;
				CLANG_WARN_CONSTANT_CONVERSION = YES;
				CLANG_WARN_DEPRECATED_OBJC_IMPLEMENTATIONS = YES;
				CLANG_WARN_DIRECT_OBJC_ISA_USAGE = YES_ERROR;
				CLANG_WARN_DOCUMENTATION_COMMENTS = YES;
				CLANG_WARN_EMPTY_BODY = YES;
				CLANG_WARN_ENUM_CONVERSION = YES;
				CLANG_WARN_INFINITE_RECURSION = YES;
				CLANG_WARN_INT_CONVERSION = YES;
				CLANG_WARN_NON_LITERAL_NULL_CONVERSION = YES;
				CLANG_WARN_OBJC_IMPLICIT_RETAIN_SELF = YES;
				CLANG_WARN_OBJC_LITERAL_CONVERSION = YES;
				CLANG_WARN_OBJC_ROOT_CLASS = YES_ERROR;
				CLANG_WARN_QUOTED_INCLUDE_IN_FRAMEWORK_HEADER = YES;
				CLANG_WARN_RANGE_LOOP_ANALYSIS = YES;
				CLANG_WARN_STRICT_PROTOTYPES = YES;
				CLANG_WARN_SUSPICIOUS_MOVE = YES;
				CLANG_WARN_UNGUARDED_AVAILABILITY = YES_AGGRESSIVE;
				CLANG_WARN_UNREACHABLE_CODE = YES;
				CLANG_WARN__DUPLICATE_METHOD_MATCH = YES;
				COPY_PHASE_STRIP = NO;
				DEBUG_INFORMATION_FORMAT = "dwarf-with-dsym";
				ENABLE_NS_ASSERTIONS = NO;
				ENABLE_STRICT_OBJC_MSGSEND = YES;
				ENABLE_USER_SCRIPT_SANDBOXING = YES;
				GCC_C_LANGUAGE_STANDARD = gnu17;
				GCC_NO_COMMON_BLOCKS = YES;
				GCC_WARN_64_TO_32_BIT_CONVERSION = YES;
				GCC_WARN_ABOUT_RETURN_TYPE = YES_ERROR;
				GCC_WARN_UNDECLARED_SELECTOR = YES;
				GCC_WARN_UNINITIALIZED_AUTOS = YES_AGGRESSIVE;
				GCC_WARN_UNUSED_FUNCTION = YES;
				GCC_WARN_UNUSED_VARIABLE = YES;
				IPHONEOS_DEPLOYMENT_TARGET = 18.0;
				LOCALIZATION_PREFERS_STRING_CATALOGS = YES;
				MTL_ENABLE_DEBUG_INFO = NO;
				MTL_FAST_MATH = YES;
				SDKROOT = iphoneos;
				SWIFT_COMPILATION_MODE = wholemodule;
				VALIDATE_PRODUCT = YES;
			};
			name = Release;
		};
		0959EBD12CF9E53600950BFF /* Debug */ = {
			isa = XCBuildConfiguration;
			buildSettings = {
				BUNDLE_LOADER = "$(TEST_HOST)";
				CODE_SIGN_STYLE = Automatic;
				CURRENT_PROJECT_VERSION = 1;
				GENERATE_INFOPLIST_FILE = YES;
				IPHONEOS_DEPLOYMENT_TARGET = 18.0;
				MARKETING_VERSION = 1.0;
				PRODUCT_BUNDLE_IDENTIFIER = "com.Satender.Satender-TaskTests";
				PRODUCT_NAME = "$(TARGET_NAME)";
				SWIFT_EMIT_LOC_STRINGS = NO;
				SWIFT_VERSION = 5.0;
				TARGETED_DEVICE_FAMILY = "1,2";
				TEST_HOST = "$(BUILT_PRODUCTS_DIR)/Satender Task.app/$(BUNDLE_EXECUTABLE_FOLDER_PATH)/Satender Task";
			};
			name = Debug;
		};
		0959EBD22CF9E53600950BFF /* Release */ = {
			isa = XCBuildConfiguration;
			buildSettings = {
				BUNDLE_LOADER = "$(TEST_HOST)";
				CODE_SIGN_STYLE = Automatic;
				CURRENT_PROJECT_VERSION = 1;
				GENERATE_INFOPLIST_FILE = YES;
				IPHONEOS_DEPLOYMENT_TARGET = 18.0;
				MARKETING_VERSION = 1.0;
				PRODUCT_BUNDLE_IDENTIFIER = "com.Satender.Satender-TaskTests";
				PRODUCT_NAME = "$(TARGET_NAME)";
				SWIFT_EMIT_LOC_STRINGS = NO;
				SWIFT_VERSION = 5.0;
				TARGETED_DEVICE_FAMILY = "1,2";
				TEST_HOST = "$(BUILT_PRODUCTS_DIR)/Satender Task.app/$(BUNDLE_EXECUTABLE_FOLDER_PATH)/Satender Task";
			};
			name = Release;
		};
		0959EBD42CF9E53600950BFF /* Debug */ = {
			isa = XCBuildConfiguration;
			buildSettings = {
				CODE_SIGN_STYLE = Automatic;
				CURRENT_PROJECT_VERSION = 1;
				GENERATE_INFOPLIST_FILE = YES;
				MARKETING_VERSION = 1.0;
				PRODUCT_BUNDLE_IDENTIFIER = "com.Satender.Satender-TaskUITests";
				PRODUCT_NAME = "$(TARGET_NAME)";
				SWIFT_EMIT_LOC_STRINGS = NO;
				SWIFT_VERSION = 5.0;
				TARGETED_DEVICE_FAMILY = "1,2";
				TEST_TARGET_NAME = "Satender Task";
			};
			name = Debug;
		};
		0959EBD52CF9E53600950BFF /* Release */ = {
			isa = XCBuildConfiguration;
			buildSettings = {
				CODE_SIGN_STYLE = Automatic;
				CURRENT_PROJECT_VERSION = 1;
				GENERATE_INFOPLIST_FILE = YES;
				MARKETING_VERSION = 1.0;
				PRODUCT_BUNDLE_IDENTIFIER = "com.Satender.Satender-TaskUITests";
				PRODUCT_NAME = "$(TARGET_NAME)";
				SWIFT_EMIT_LOC_STRINGS = NO;
				SWIFT_VERSION = 5.0;
				TARGETED_DEVICE_FAMILY = "1,2";
				TEST_TARGET_NAME = "Satender Task";
			};
			name = Release;
		};
/* End XCBuildConfiguration section */

/* Begin XCConfigurationList section */
		0959EB9A2CF9E53500950BFF /* Build configuration list for PBXProject "Satender Task" */ = {
			isa = XCConfigurationList;
			buildConfigurations = (
				0959EBCE2CF9E53600950BFF /* Debug */,
				0959EBCF2CF9E53600950BFF /* Release */,
			);
			defaultConfigurationIsVisible = 0;
			defaultConfigurationName = Release;
		};
		0959EBCB2CF9E53600950BFF /* Build configuration list for PBXNativeTarget "Satender Task" */ = {
			isa = XCConfigurationList;
			buildConfigurations = (
				0959EBCC2CF9E53600950BFF /* Debug */,
				0959EBCD2CF9E53600950BFF /* Release */,
			);
			defaultConfigurationIsVisible = 0;
			defaultConfigurationName = Release;
		};
		0959EBD02CF9E53600950BFF /* Build configuration list for PBXNativeTarget "Satender TaskTests" */ = {
			isa = XCConfigurationList;
			buildConfigurations = (
				0959EBD12CF9E53600950BFF /* Debug */,
				0959EBD22CF9E53600950BFF /* Release */,
			);
			defaultConfigurationIsVisible = 0;
			defaultConfigurationName = Release;
		};
		0959EBD32CF9E53600950BFF /* Build configuration list for PBXNativeTarget "Satender TaskUITests" */ = {
			isa = XCConfigurationList;
			buildConfigurations = (
				0959EBD42CF9E53600950BFF /* Debug */,
				0959EBD52CF9E53600950BFF /* Release */,
			);
			defaultConfigurationIsVisible = 0;
			defaultConfigurationName = Release;
		};
/* End XCConfigurationList section */
	};
	rootObject = 0959EB972CF9E53500950BFF /* Project object */;
}
